{
  "nodes": {
    "agenix": {
      "inputs": {
        "darwin": "darwin",
        "home-manager": "home-manager",
        "nixpkgs": "nixpkgs",
        "systems": "systems"
      },
      "locked": {
        "lastModified": 1745630506,
        "narHash": "sha256-bHCFgGeu8XjWlVuaWzi3QONjDW3coZDqSHvnd4l7xus=",
        "owner": "ryantm",
        "repo": "agenix",
        "rev": "96e078c646b711aee04b82ba01aefbff87004ded",
        "type": "github"
      },
      "original": {
        "owner": "ryantm",
        "repo": "agenix",
        "type": "github"
      }
    },
    "darwin": {
      "inputs": {
        "nixpkgs": [
          "agenix",
          "nixpkgs"
        ]
      },
      "locked": {
        "lastModified": 1744478979,
        "narHash": "sha256-dyN+teG9G82G+m+PX/aSAagkC+vUv0SgUw3XkPhQodQ=",
        "owner": "lnl7",
        "repo": "nix-darwin",
        "rev": "43975d782b418ebf4969e9ccba82466728c2851b",
        "type": "github"
      },
      "original": {
        "owner": "lnl7",
        "ref": "master",
        "repo": "nix-darwin",
        "type": "github"
      }
    },
    "flake-utils": {
      "inputs": {
        "systems": "systems_2"
      },
      "locked": {
        "lastModified": 1731533236,
        "narHash": "sha256-l0KFg5HjrsfsO/JpG+r7fRrqm12kzFHyUHqHCVpMMbI=",
        "owner": "numtide",
        "repo": "flake-utils",
        "rev": "11707dc2f618dd54ca8739b309ec4fc024de578b",
        "type": "github"
      },
      "original": {
        "owner": "numtide",
        "repo": "flake-utils",
        "type": "github"
      }
    },
    "flakey-profile": {
      "locked": {
        "lastModified": 1712898590,
        "narHash": "sha256-FhGIEU93VHAChKEXx905TSiPZKga69bWl1VB37FK//I=",
        "owner": "lf-",
        "repo": "flakey-profile",
        "rev": "243c903fd8eadc0f63d205665a92d4df91d42d9d",
        "type": "github"
      },
      "original": {
        "owner": "lf-",
        "repo": "flakey-profile",
        "type": "github"
      }
    },
    "home-manager": {
      "inputs": {
        "nixpkgs": [
          "agenix",
          "nixpkgs"
        ]
      },
      "locked": {
        "lastModified": 1745494811,
        "narHash": "sha256-YZCh2o9Ua1n9uCvrvi5pRxtuVNml8X2a03qIFfRKpFs=",
        "owner": "nix-community",
        "repo": "home-manager",
        "rev": "abfad3d2958c9e6300a883bd443512c55dfeb1be",
        "type": "github"
      },
      "original": {
        "owner": "nix-community",
        "repo": "home-manager",
        "type": "github"
      }
    },
    "lix": {
      "flake": false,
      "locked": {
        "lastModified": 1747090068,
        "narHash": "sha256-4SfKg7DUMKf+iKuqwMhq+a9hXck5eB5uapIVM50hpts=",
        "rev": "901940df00665457005af20281f090de77420fe2",
        "type": "tarball",
        "url": "https://git.lix.systems/api/v1/repos/lix-project/lix/archive/901940df00665457005af20281f090de77420fe2.tar.gz?rev=901940df00665457005af20281f090de77420fe2"
      },
      "original": {
        "type": "tarball",
        "url": "https://git.lix.systems/lix-project/lix/archive/main.tar.gz"
      }
    },
    "lix-module": {
      "inputs": {
        "flake-utils": "flake-utils",
        "flakey-profile": "flakey-profile",
        "lix": [
          "lix"
        ],
        "nixpkgs": [
          "nixpkgs"
        ]
      },
      "locked": {
        "lastModified": 1746839253,
        "narHash": "sha256-pRwi8Wn8Yofj459gq+3oIRy8F3SXeEJ6mzfIAUgM9nA=",
        "rev": "58baedd53f9da81fd728a4f3b08c378e5ba9ae58",
        "type": "tarball",
        "url": "https://git.lix.systems/api/v1/repos/lix-project/nixos-module/archive/58baedd53f9da81fd728a4f3b08c378e5ba9ae58.tar.gz?rev=58baedd53f9da81fd728a4f3b08c378e5ba9ae58"
      },
      "original": {
        "type": "tarball",
        "url": "https://git.lix.systems/lix-project/nixos-module/archive/main.tar.gz"
      }
    },
    "nixpkgs": {
      "locked": {
        "lastModified": 1745391562,
        "narHash": "sha256-sPwcCYuiEopaafePqlG826tBhctuJsLx/mhKKM5Fmjo=",
        "owner": "NixOS",
        "repo": "nixpkgs",
        "rev": "8a2f738d9d1f1d986b5a4cd2fd2061a7127237d7",
        "type": "github"
      },
      "original": {
        "owner": "NixOS",
        "ref": "nixos-unstable",
        "repo": "nixpkgs",
        "type": "github"
      }
    },
    "nixpkgs_2": {
      "locked": {
        "lastModified": 1746904237,
        "narHash": "sha256-3e+AVBczosP5dCLQmMoMEogM57gmZ2qrVSrmq9aResQ=",
        "owner": "NixOS",
        "repo": "nixpkgs",
        "rev": "d89fc19e405cb2d55ce7cc114356846a0ee5e956",
        "type": "github"
      },
      "original": {
        "id": "nixpkgs",
        "ref": "nixos-unstable",
        "type": "indirect"
      }
    },
    "root": {
      "inputs": {
        "agenix": "agenix",
        "lix": "lix",
        "lix-module": "lix-module",
        "nixpkgs": "nixpkgs_2",
        "secrets": "secrets"
      }
    },
    "secrets": {
      "flake": false,
      "locked": {
        "lastModified": 1740235402,
        "narHash": "sha256-0oTNYtEUetHP8HUR/X5KhF1/rXECs2lCaYFun656vQY=",
        "ref": "main",
        "rev": "b8e61176d254c9db8bf1c1b0637b738804793de3",
        "shallow": true,
        "type": "git",
        "url": "ssh://git@github.com/ozmodeuz/sops.git"
      },
      "original": {
        "ref": "main",
        "shallow": true,
        "type": "git",
        "url": "ssh://git@github.com/ozmodeuz/sops.git"
      }
    },
    "systems": {
      "locked": {
        "lastModified": 1681028828,
        "narHash": "sha256-Vy1rq5AaRuLzOxct8nz4T6wlgyUR7zLU309k9mBC768=",
        "owner": "nix-systems",
        "repo": "default",
        "rev": "da67096a3b9bf56a91d16901293e51ba5b49a27e",
        "type": "github"
      },
      "original": {
        "owner": "nix-systems",
        "repo": "default",
        "type": "github"
      }
    },
    "systems_2": {
      "locked": {
        "lastModified": 1681028828,
        "narHash": "sha256-Vy1rq5AaRuLzOxct8nz4T6wlgyUR7zLU309k9mBC768=",
        "owner": "nix-systems",
        "repo": "default",
        "rev": "da67096a3b9bf56a91d16901293e51ba5b49a27e",
        "type": "github"
      },
      "original": {
        "owner": "nix-systems",
        "repo": "default",
        "type": "github"
      }
    }
  },
  "root": "root",
  "version": 7
}
